# This file is automatically @generated by Wally.
# It is not intended for manual editing.
registry = "test"

[[package]]
name = "4812571/line-asset-builder"
version = "0.1.1"
dependencies = [["TableUtil", "sleitnick/table-util@1.1.5"], ["WeightedChoice", "4812571/weighted-choice@1.0.1"]]

[[package]]
name = "4812571/weighted-choice"
version = "1.0.1"
dependencies = []

[[package]]
name = "sleitnick/table-util"
version = "1.1.5"
dependencies = []
